name: Refresh ADM 5 runtime lockfile

on:
  push:
    branches:
      - agent/adm-5-generated-api-runtime

permissions:
  contents: write

jobs:
  refresh:
    runs-on: ubuntu-latest
    steps:
      - name: Checkout repository
        uses: actions/checkout@v4
        with:
          fetch-depth: 0

      - name: Setup Bun
        uses: oven-sh/setup-bun@v2
        with:
          bun-version: '1.3.13'

      - name: Refresh released dependencies
        run: |
          node <<'NODE'
          const fs = require('node:fs');
          const path = 'package.json';
          const pkg = JSON.parse(fs.readFileSync(path, 'utf8'));
          pkg.dependencies['@ankhorage/contracts'] = '^4.0.2';
          pkg.dependencies['@ankhorage/data-sources'] = '^1.0.0';
          fs.writeFileSync(path, `${JSON.stringify(pkg, null, 2)}\n`);
          NODE
          bun install

      - name: Commit dependency boundary
        run: |
          rm .github/workflows/refresh-adm5-lock.yml
          git config user.name 'github-actions[bot]'
          git config user.email '41898282+github-actions[bot]@users.noreply.github.com'
          git add package.json bun.lock .github/workflows/refresh-adm5-lock.yml
          git commit -m 'chore: consume adm 5 contracts and data sources'
          git push origin HEAD:agent/adm-5-generated-api-runtime
